
Microsoft Visual Studio Solution File, Format Version 12.00
# Visual Studio 15
VisualStudioVersion = 15.0.28010.2050
MinimumVisualStudioVersion = 10.0.40219.1
Project("{9A19103F-16F7-4668-BE54-9A1E7A4F7556}") = "Alexa.NET.Extensions", "src\Alexa.NET.Extensions\Alexa.NET.Extensions.csproj", "{D1CC0D32-F49F-4CC1-8F06-7CC54C28193B}"
EndProject
Project("{9A19103F-16F7-4668-BE54-9A1E7A4F7556}") = "Alexa.NET.Extensions.Tests", "test\Alexa.NET.Extensions.Tests\Alexa.NET.Extensions.Tests.csproj", "{69315C6D-7061-42A0-98A9-E0E65A0A3E95}"
EndProject
Global
	GlobalSection(SolutionConfigurationPlatforms) = preSolution
		Debug|Any CPU = Debug|Any CPU
		Release|Any CPU = Release|Any CPU
	EndGlobalSection
	GlobalSection(ProjectConfigurationPlatforms) = postSolution
		{D1CC0D32-F49F-4CC1-8F06-7CC54C28193B}.Debug|Any CPU.ActiveCfg = Debug|Any CPU
		{D1CC0D32-F49F-4CC1-8F06-7CC54C28193B}.Debug|Any CPU.Build.0 = Debug|Any CPU
		{D1CC0D32-F49F-4CC1-8F06-7CC54C28193B}.Release|Any CPU.ActiveCfg = Release|Any CPU
		{D1CC0D32-F49F-4CC1-8F06-7CC54C28193B}.Release|Any CPU.Build.0 = Release|Any CPU
		{69315C6D-7061-42A0-98A9-E0E65A0A3E95}.Debug|Any CPU.ActiveCfg = Debug|Any CPU
		{69315C6D-7061-42A0-98A9-E0E65A0A3E95}.Debug|Any CPU.Build.0 = Debug|Any CPU
		{69315C6D-7061-42A0-98A9-E0E65A0A3E95}.Release|Any CPU.ActiveCfg = Release|Any CPU
		{69315C6D-7061-42A0-98A9-E0E65A0A3E95}.Release|Any CPU.Build.0 = Release|Any CPU
	EndGlobalSection
	GlobalSection(SolutionProperties) = preSolution
		HideSolutionNode = FALSE
	EndGlobalSection
	GlobalSection(ExtensibilityGlobals) = postSolution
		SolutionGuid = {A05AEE2F-920F-4DC4-A343-EBCE4D94C5C8}
	EndGlobalSection
EndGlobal
